
Microsoft Visual Studio Solution File, Format Version 12.00
# Visual Studio 15
VisualStudioVersion = 15.0.27004.2009
MinimumVisualStudioVersion = 10.0.40219.1
Project("{FAE04EC0-301F-11D3-BF4B-00C04F79EFBC}") = "tableTopHelp.Android", "tableTopHelp\tableTopHelp.Android\tableTopHelp.Android.csproj", "{B1C24D73-6E20-4583-83FA-EE6585AFCF1B}"
EndProject
Project("{FAE04EC0-301F-11D3-BF4B-00C04F79EFBC}") = "tableTopHelp", "tableTopHelp\tableTopHelp\tableTopHelp.csproj", "{D1EF7992-1D83-4715-9D9A-C54A67F0AB27}"
EndProject
Project("{FAE04EC0-301F-11D3-BF4B-00C04F79EFBC}") = "tableTopHelp.UWP", "tableTopHelp\tableTopHelp.UWP\tableTopHelp.UWP.csproj", "{4DA67C0C-20DF-4FB7-A87C-E855FA2A3564}"
EndProject
Project("{FAE04EC0-301F-11D3-BF4B-00C04F79EFBC}") = "tableTopHelp.iOS", "tableTopHelp\tableTopHelp.iOS\tableTopHelp.iOS.csproj", "{54413DB9-102B-4ACA-A004-70637121F7EE}"
EndProject
Global
	GlobalSection(SolutionConfigurationPlatforms) = preSolution
		Ad-Hoc|Any CPU = Ad-Hoc|Any CPU
		Ad-Hoc|ARM = Ad-Hoc|ARM
		Ad-Hoc|iPhone = Ad-Hoc|iPhone
		Ad-Hoc|iPhoneSimulator = Ad-Hoc|iPhoneSimulator
		Ad-Hoc|x64 = Ad-Hoc|x64
		Ad-Hoc|x86 = Ad-Hoc|x86
		AppStore|Any CPU = AppStore|Any CPU
		AppStore|ARM = AppStore|ARM
		AppStore|iPhone = AppStore|iPhone
		AppStore|iPhoneSimulator = AppStore|iPhoneSimulator
		AppStore|x64 = AppStore|x64
		AppStore|x86 = AppStore|x86
		Debug|Any CPU = Debug|Any CPU
		Debug|ARM = Debug|ARM
		Debug|iPhone = Debug|iPhone
		Debug|iPhoneSimulator = Debug|iPhoneSimulator
		Debug|x64 = Debug|x64
		Debug|x86 = Debug|x86
		Release|Any CPU = Release|Any CPU
		Release|ARM = Release|ARM
		Release|iPhone = Release|iPhone
		Release|iPhoneSimulator = Release|iPhoneSimulator
		Release|x64 = Release|x64
		Release|x86 = Release|x86
	EndGlobalSection
	GlobalSection(ProjectConfigurationPlatforms) = postSolution
		{B1C24D73-6E20-4583-83FA-EE6585AFCF1B}.Ad-Hoc|Any CPU.ActiveCfg = Release|Any CPU
		{B1C24D73-6E20-4583-83FA-EE6585AFCF1B}.Ad-Hoc|Any CPU.Build.0 = Release|Any CPU
		{B1C24D73-6E20-4583-83FA-EE6585AFCF1B}.Ad-Hoc|Any CPU.Deploy.0 = Release|Any CPU
		{B1C24D73-6E20-4583-83FA-EE6585AFCF1B}.Ad-Hoc|ARM.ActiveCfg = Release|Any CPU
		{B1C24D73-6E20-4583-83FA-EE6585AFCF1B}.Ad-Hoc|ARM.Build.0 = Release|Any CPU
		{B1C24D73-6E20-4583-83FA-EE6585AFCF1B}.Ad-Hoc|ARM.Deploy.0 = Release|Any CPU
		{B1C24D73-6E20-4583-83FA-EE6585AFCF1B}.Ad-Hoc|iPhone.ActiveCfg = Release|Any CPU
		{B1C24D73-6E20-4583-83FA-EE6585AFCF1B}.Ad-Hoc|iPhone.Build.0 = Release|Any CPU
		{B1C24D73-6E20-4583-83FA-EE6585AFCF1B}.Ad-Hoc|iPhone.Deploy.0 = Release|Any CPU
		{B1C24D73-6E20-4583-83FA-EE6585AFCF1B}.Ad-Hoc|iPhoneSimulator.ActiveCfg = Release|Any CPU
		{B1C24D73-6E20-4583-83FA-EE6585AFCF1B}.Ad-Hoc|iPhoneSimulator.Build.0 = Release|Any CPU
		{B1C24D73-6E20-4583-83FA-EE6585AFCF1B}.Ad-Hoc|iPhoneSimulator.Deploy.0 = Release|Any CPU
		{B1C24D73-6E20-4583-83FA-EE6585AFCF1B}.Ad-Hoc|x64.ActiveCfg = Release|Any CPU
		{B1C24D73-6E20-4583-83FA-EE6585AFCF1B}.Ad-Hoc|x64.Build.0 = Release|Any CPU
		{B1C24D73-6E20-4583-83FA-EE6585AFCF1B}.Ad-Hoc|x64.Deploy.0 = Release|Any CPU
		{B1C24D73-6E20-4583-83FA-EE6585AFCF1B}.Ad-Hoc|x86.ActiveCfg = Release|Any CPU
		{B1C24D73-6E20-4583-83FA-EE6585AFCF1B}.Ad-Hoc|x86.Build.0 = Release|Any CPU
		{B1C24D73-6E20-4583-83FA-EE6585AFCF1B}.Ad-Hoc|x86.Deploy.0 = Release|Any CPU
		{B1C24D73-6E20-4583-83FA-EE6585AFCF1B}.AppStore|Any CPU.ActiveCfg = Release|Any CPU
		{B1C24D73-6E20-4583-83FA-EE6585AFCF1B}.AppStore|Any CPU.Build.0 = Release|Any CPU
		{B1C24D73-6E20-4583-83FA-EE6585AFCF1B}.AppStore|Any CPU.Deploy.0 = Release|Any CPU
		{B1C24D73-6E20-4583-83FA-EE6585AFCF1B}.AppStore|ARM.ActiveCfg = Release|Any CPU
		{B1C24D73-6E20-4583-83FA-EE6585AFCF1B}.AppStore|ARM.Build.0 = Release|Any CPU
		{B1C24D73-6E20-4583-83FA-EE6585AFCF1B}.AppStore|ARM.Deploy.0 = Release|Any CPU
		{B1C24D73-6E20-4583-83FA-EE6585AFCF1B}.AppStore|iPhone.ActiveCfg = Release|Any CPU
		{B1C24D73-6E20-4583-83FA-EE6585AFCF1B}.AppStore|iPhone.Build.0 = Release|Any CPU
		{B1C24D73-6E20-4583-83FA-EE6585AFCF1B}.AppStore|iPhone.Deploy.0 = Release|Any CPU
		{B1C24D73-6E20-4583-83FA-EE6585AFCF1B}.AppStore|iPhoneSimulator.ActiveCfg = Release|Any CPU
		{B1C24D73-6E20-4583-83FA-EE6585AFCF1B}.AppStore|iPhoneSimulator.Build.0 = Release|Any CPU
		{B1C24D73-6E20-4583-83FA-EE6585AFCF1B}.AppStore|iPhoneSimulator.Deploy.0 = Release|Any CPU
		{B1C24D73-6E20-4583-83FA-EE6585AFCF1B}.AppStore|x64.ActiveCfg = Release|Any CPU
		{B1C24D73-6E20-4583-83FA-EE6585AFCF1B}.AppStore|x64.Build.0 = Release|Any CPU
		{B1C24D73-6E20-4583-83FA-EE6585AFCF1B}.AppStore|x64.Deploy.0 = Release|Any CPU
		{B1C24D73-6E20-4583-83FA-EE6585AFCF1B}.AppStore|x86.ActiveCfg = Release|Any CPU
		{B1C24D73-6E20-4583-83FA-EE6585AFCF1B}.AppStore|x86.Build.0 = Release|Any CPU
		{B1C24D73-6E20-4583-83FA-EE6585AFCF1B}.AppStore|x86.Deploy.0 = Release|Any CPU
		{B1C24D73-6E20-4583-83FA-EE6585AFCF1B}.Debug|Any CPU.ActiveCfg = Debug|Any CPU
		{B1C24D73-6E20-4583-83FA-EE6585AFCF1B}.Debug|Any CPU.Build.0 = Debug|Any CPU
		{B1C24D73-6E20-4583-83FA-EE6585AFCF1B}.Debug|Any CPU.Deploy.0 = Debug|Any CPU
		{B1C24D73-6E20-4583-83FA-EE6585AFCF1B}.Debug|ARM.ActiveCfg = Debug|Any CPU
		{B1C24D73-6E20-4583-83FA-EE6585AFCF1B}.Debug|ARM.Build.0 = Debug|Any CPU
		{B1C24D73-6E20-4583-83FA-EE6585AFCF1B}.Debug|ARM.Deploy.0 = Debug|Any CPU
		{B1C24D73-6E20-4583-83FA-EE6585AFCF1B}.Debug|iPhone.ActiveCfg = Debug|Any CPU
		{B1C24D73-6E20-4583-83FA-EE6585AFCF1B}.Debug|iPhone.Build.0 = Debug|Any CPU
		{B1C24D73-6E20-4583-83FA-EE6585AFCF1B}.Debug|iPhone.Deploy.0 = Debug|Any CPU
		{B1C24D73-6E20-4583-83FA-EE6585AFCF1B}.Debug|iPhoneSimulator.ActiveCfg = Debug|Any CPU
		{B1C24D73-6E20-4583-83FA-EE6585AFCF1B}.Debug|iPhoneSimulator.Build.0 = Debug|Any CPU
		{B1C24D73-6E20-4583-83FA-EE6585AFCF1B}.Debug|iPhoneSimulator.Deploy.0 = Debug|Any CPU
		{B1C24D73-6E20-4583-83FA-EE6585AFCF1B}.Debug|x64.ActiveCfg = Debug|Any CPU
		{B1C24D73-6E20-4583-83FA-EE6585AFCF1B}.Debug|x64.Build.0 = Debug|Any CPU
		{B1C24D73-6E20-4583-83FA-EE6585AFCF1B}.Debug|x64.Deploy.0 = Debug|Any CPU
		{B1C24D73-6E20-4583-83FA-EE6585AFCF1B}.Debug|x86.ActiveCfg = Debug|Any CPU
		{B1C24D73-6E20-4583-83FA-EE6585AFCF1B}.Debug|x86.Build.0 = Debug|Any CPU
		{B1C24D73-6E20-4583-83FA-EE6585AFCF1B}.Debug|x86.Deploy.0 = Debug|Any CPU
		{B1C24D73-6E20-4583-83FA-EE6585AFCF1B}.Release|Any CPU.ActiveCfg = Release|Any CPU
		{B1C24D73-6E20-4583-83FA-EE6585AFCF1B}.Release|Any CPU.Build.0 = Release|Any CPU
		{B1C24D73-6E20-4583-83FA-EE6585AFCF1B}.Release|Any CPU.Deploy.0 = Release|Any CPU
		{B1C24D73-6E20-4583-83FA-EE6585AFCF1B}.Release|ARM.ActiveCfg = Release|Any CPU
		{B1C24D73-6E20-4583-83FA-EE6585AFCF1B}.Release|ARM.Build.0 = Release|Any CPU
		{B1C24D73-6E20-4583-83FA-EE6585AFCF1B}.Release|ARM.Deploy.0 = Release|Any CPU
		{B1C24D73-6E20-4583-83FA-EE6585AFCF1B}.Release|iPhone.ActiveCfg = Release|Any CPU
		{B1C24D73-6E20-4583-83FA-EE6585AFCF1B}.Release|iPhone.Build.0 = Release|Any CPU
		{B1C24D73-6E20-4583-83FA-EE6585AFCF1B}.Release|iPhone.Deploy.0 = Release|Any CPU
		{B1C24D73-6E20-4583-83FA-EE6585AFCF1B}.Release|iPhoneSimulator.ActiveCfg = Release|Any CPU
		{B1C24D73-6E20-4583-83FA-EE6585AFCF1B}.Release|iPhoneSimulator.Build.0 = Release|Any CPU
		{B1C24D73-6E20-4583-83FA-EE6585AFCF1B}.Release|iPhoneSimulator.Deploy.0 = Release|Any CPU
		{B1C24D73-6E20-4583-83FA-EE6585AFCF1B}.Release|x64.ActiveCfg = Release|Any CPU
		{B1C24D73-6E20-4583-83FA-EE6585AFCF1B}.Release|x64.Build.0 = Release|Any CPU
		{B1C24D73-6E20-4583-83FA-EE6585AFCF1B}.Release|x64.Deploy.0 = Release|Any CPU
		{B1C24D73-6E20-4583-83FA-EE6585AFCF1B}.Release|x86.ActiveCfg = Release|Any CPU
		{B1C24D73-6E20-4583-83FA-EE6585AFCF1B}.Release|x86.Build.0 = Release|Any CPU
		{B1C24D73-6E20-4583-83FA-EE6585AFCF1B}.Release|x86.Deploy.0 = Release|Any CPU
		{D1EF7992-1D83-4715-9D9A-C54A67F0AB27}.Ad-Hoc|Any CPU.ActiveCfg = Release|Any CPU
		{D1EF7992-1D83-4715-9D9A-C54A67F0AB27}.Ad-Hoc|Any CPU.Build.0 = Release|Any CPU
		{D1EF7992-1D83-4715-9D9A-C54A67F0AB27}.Ad-Hoc|ARM.ActiveCfg = Release|Any CPU
		{D1EF7992-1D83-4715-9D9A-C54A67F0AB27}.Ad-Hoc|ARM.Build.0 = Release|Any CPU
		{D1EF7992-1D83-4715-9D9A-C54A67F0AB27}.Ad-Hoc|iPhone.ActiveCfg = Release|Any CPU
		{D1EF7992-1D83-4715-9D9A-C54A67F0AB27}.Ad-Hoc|iPhone.Build.0 = Release|Any CPU
		{D1EF7992-1D83-4715-9D9A-C54A67F0AB27}.Ad-Hoc|iPhoneSimulator.ActiveCfg = Release|Any CPU
		{D1EF7992-1D83-4715-9D9A-C54A67F0AB27}.Ad-Hoc|iPhoneSimulator.Build.0 = Release|Any CPU
		{D1EF7992-1D83-4715-9D9A-C54A67F0AB27}.Ad-Hoc|x64.ActiveCfg = Release|Any CPU
		{D1EF7992-1D83-4715-9D9A-C54A67F0AB27}.Ad-Hoc|x64.Build.0 = Release|Any CPU
		{D1EF7992-1D83-4715-9D9A-C54A67F0AB27}.Ad-Hoc|x86.ActiveCfg = Release|Any CPU
		{D1EF7992-1D83-4715-9D9A-C54A67F0AB27}.Ad-Hoc|x86.Build.0 = Release|Any CPU
		{D1EF7992-1D83-4715-9D9A-C54A67F0AB27}.AppStore|Any CPU.ActiveCfg = Release|Any CPU
		{D1EF7992-1D83-4715-9D9A-C54A67F0AB27}.AppStore|Any CPU.Build.0 = Release|Any CPU
		{D1EF7992-1D83-4715-9D9A-C54A67F0AB27}.AppStore|ARM.ActiveCfg = Release|Any CPU
		{D1EF7992-1D83-4715-9D9A-C54A67F0AB27}.AppStore|ARM.Build.0 = Release|Any CPU
		{D1EF7992-1D83-4715-9D9A-C54A67F0AB27}.AppStore|iPhone.ActiveCfg = Release|Any CPU
		{D1EF7992-1D83-4715-9D9A-C54A67F0AB27}.AppStore|iPhone.Build.0 = Release|Any CPU
		{D1EF7992-1D83-4715-9D9A-C54A67F0AB27}.AppStore|iPhoneSimulator.ActiveCfg = Release|Any CPU
		{D1EF7992-1D83-4715-9D9A-C54A67F0AB27}.AppStore|iPhoneSimulator.Build.0 = Release|Any CPU
		{D1EF7992-1D83-4715-9D9A-C54A67F0AB27}.AppStore|x64.ActiveCfg = Release|Any CPU
		{D1EF7992-1D83-4715-9D9A-C54A67F0AB27}.AppStore|x64.Build.0 = Release|Any CPU
		{D1EF7992-1D83-4715-9D9A-C54A67F0AB27}.AppStore|x86.ActiveCfg = Release|Any CPU
		{D1EF7992-1D83-4715-9D9A-C54A67F0AB27}.AppStore|x86.Build.0 = Release|Any CPU
		{D1EF7992-1D83-4715-9D9A-C54A67F0AB27}.Debug|Any CPU.ActiveCfg = Debug|Any CPU
		{D1EF7992-1D83-4715-9D9A-C54A67F0AB27}.Debug|Any CPU.Build.0 = Debug|Any CPU
		{D1EF7992-1D83-4715-9D9A-C54A67F0AB27}.Debug|ARM.ActiveCfg = Debug|Any CPU
		{D1EF7992-1D83-4715-9D9A-C54A67F0AB27}.Debug|ARM.Build.0 = Debug|Any CPU
		{D1EF7992-1D83-4715-9D9A-C54A67F0AB27}.Debug|iPhone.ActiveCfg = Debug|Any CPU
		{D1EF7992-1D83-4715-9D9A-C54A67F0AB27}.Debug|iPhone.Build.0 = Debug|Any CPU
		{D1EF7992-1D83-4715-9D9A-C54A67F0AB27}.Debug|iPhoneSimulator.ActiveCfg = Debug|Any CPU
		{D1EF7992-1D83-4715-9D9A-C54A67F0AB27}.Debug|iPhoneSimulator.Build.0 = Debug|Any CPU
		{D1EF7992-1D83-4715-9D9A-C54A67F0AB27}.Debug|x64.ActiveCfg = Debug|Any CPU
		{D1EF7992-1D83-4715-9D9A-C54A67F0AB27}.Debug|x64.Build.0 = Debug|Any CPU
		{D1EF7992-1D83-4715-9D9A-C54A67F0AB27}.Debug|x86.ActiveCfg = Debug|Any CPU
		{D1EF7992-1D83-4715-9D9A-C54A67F0AB27}.Debug|x86.Build.0 = Debug|Any CPU
		{D1EF7992-1D83-4715-9D9A-C54A67F0AB27}.Release|Any CPU.ActiveCfg = Release|Any CPU
		{D1EF7992-1D83-4715-9D9A-C54A67F0AB27}.Release|Any CPU.Build.0 = Release|Any CPU
		{D1EF7992-1D83-4715-9D9A-C54A67F0AB27}.Release|ARM.ActiveCfg = Release|Any CPU
		{D1EF7992-1D83-4715-9D9A-C54A67F0AB27}.Release|ARM.Build.0 = Release|Any CPU
		{D1EF7992-1D83-4715-9D9A-C54A67F0AB27}.Release|iPhone.ActiveCfg = Release|Any CPU
		{D1EF7992-1D83-4715-9D9A-C54A67F0AB27}.Release|iPhone.Build.0 = Release|Any CPU
		{D1EF7992-1D83-4715-9D9A-C54A67F0AB27}.Release|iPhoneSimulator.ActiveCfg = Release|Any CPU
		{D1EF7992-1D83-4715-9D9A-C54A67F0AB27}.Release|iPhoneSimulator.Build.0 = Release|Any CPU
		{D1EF7992-1D83-4715-9D9A-C54A67F0AB27}.Release|x64.ActiveCfg = Release|Any CPU
		{D1EF7992-1D83-4715-9D9A-C54A67F0AB27}.Release|x64.Build.0 = Release|Any CPU
		{D1EF7992-1D83-4715-9D9A-C54A67F0AB27}.Release|x86.ActiveCfg = Release|Any CPU
		{D1EF7992-1D83-4715-9D9A-C54A67F0AB27}.Release|x86.Build.0 = Release|Any CPU
		{4DA67C0C-20DF-4FB7-A87C-E855FA2A3564}.Ad-Hoc|Any CPU.ActiveCfg = Release|x86
		{4DA67C0C-20DF-4FB7-A87C-E855FA2A3564}.Ad-Hoc|Any CPU.Build.0 = Release|x86
		{4DA67C0C-20DF-4FB7-A87C-E855FA2A3564}.Ad-Hoc|Any CPU.Deploy.0 = Release|x86
		{4DA67C0C-20DF-4FB7-A87C-E855FA2A3564}.Ad-Hoc|ARM.ActiveCfg = Release|ARM
		{4DA67C0C-20DF-4FB7-A87C-E855FA2A3564}.Ad-Hoc|ARM.Build.0 = Release|ARM
		{4DA67C0C-20DF-4FB7-A87C-E855FA2A3564}.Ad-Hoc|ARM.Deploy.0 = Release|ARM
		{4DA67C0C-20DF-4FB7-A87C-E855FA2A3564}.Ad-Hoc|iPhone.ActiveCfg = Release|x86
		{4DA67C0C-20DF-4FB7-A87C-E855FA2A3564}.Ad-Hoc|iPhone.Build.0 = Release|x86
		{4DA67C0C-20DF-4FB7-A87C-E855FA2A3564}.Ad-Hoc|iPhone.Deploy.0 = Release|x86
		{4DA67C0C-20DF-4FB7-A87C-E855FA2A3564}.Ad-Hoc|iPhoneSimulator.ActiveCfg = Release|x86
		{4DA67C0C-20DF-4FB7-A87C-E855FA2A3564}.Ad-Hoc|iPhoneSimulator.Build.0 = Release|x86
		{4DA67C0C-20DF-4FB7-A87C-E855FA2A3564}.Ad-Hoc|iPhoneSimulator.Deploy.0 = Release|x86
		{4DA67C0C-20DF-4FB7-A87C-E855FA2A3564}.Ad-Hoc|x64.ActiveCfg = Release|x64
		{4DA67C0C-20DF-4FB7-A87C-E855FA2A3564}.Ad-Hoc|x64.Build.0 = Release|x64
		{4DA67C0C-20DF-4FB7-A87C-E855FA2A3564}.Ad-Hoc|x64.Deploy.0 = Release|x64
		{4DA67C0C-20DF-4FB7-A87C-E855FA2A3564}.Ad-Hoc|x86.ActiveCfg = Release|x86
		{4DA67C0C-20DF-4FB7-A87C-E855FA2A3564}.Ad-Hoc|x86.Build.0 = Release|x86
		{4DA67C0C-20DF-4FB7-A87C-E855FA2A3564}.Ad-Hoc|x86.Deploy.0 = Release|x86
		{4DA67C0C-20DF-4FB7-A87C-E855FA2A3564}.AppStore|Any CPU.ActiveCfg = Release|x86
		{4DA67C0C-20DF-4FB7-A87C-E855FA2A3564}.AppStore|Any CPU.Build.0 = Release|x86
		{4DA67C0C-20DF-4FB7-A87C-E855FA2A3564}.AppStore|Any CPU.Deploy.0 = Release|x86
		{4DA67C0C-20DF-4FB7-A87C-E855FA2A3564}.AppStore|ARM.ActiveCfg = Release|ARM
		{4DA67C0C-20DF-4FB7-A87C-E855FA2A3564}.AppStore|ARM.Build.0 = Release|ARM
		{4DA67C0C-20DF-4FB7-A87C-E855FA2A3564}.AppStore|ARM.Deploy.0 = Release|ARM
		{4DA67C0C-20DF-4FB7-A87C-E855FA2A3564}.AppStore|iPhone.ActiveCfg = Release|x86
		{4DA67C0C-20DF-4FB7-A87C-E855FA2A3564}.AppStore|iPhone.Build.0 = Release|x86
		{4DA67C0C-20DF-4FB7-A87C-E855FA2A3564}.AppStore|iPhone.Deploy.0 = Release|x86
		{4DA67C0C-20DF-4FB7-A87C-E855FA2A3564}.AppStore|iPhoneSimulator.ActiveCfg = Release|x86
		{4DA67C0C-20DF-4FB7-A87C-E855FA2A3564}.AppStore|iPhoneSimulator.Build.0 = Release|x86
		{4DA67C0C-20DF-4FB7-A87C-E855FA2A3564}.AppStore|iPhoneSimulator.Deploy.0 = Release|x86
		{4DA67C0C-20DF-4FB7-A87C-E855FA2A3564}.AppStore|x64.ActiveCfg = Release|x64
		{4DA67C0C-20DF-4FB7-A87C-E855FA2A3564}.AppStore|x64.Build.0 = Release|x64
		{4DA67C0C-20DF-4FB7-A87C-E855FA2A3564}.AppStore|x64.Deploy.0 = Release|x64
		{4DA67C0C-20DF-4FB7-A87C-E855FA2A3564}.AppStore|x86.ActiveCfg = Release|x86
		{4DA67C0C-20DF-4FB7-A87C-E855FA2A3564}.AppStore|x86.Build.0 = Release|x86
		{4DA67C0C-20DF-4FB7-A87C-E855FA2A3564}.AppStore|x86.Deploy.0 = Release|x86
		{4DA67C0C-20DF-4FB7-A87C-E855FA2A3564}.Debug|Any CPU.ActiveCfg = Debug|x86
		{4DA67C0C-20DF-4FB7-A87C-E855FA2A3564}.Debug|ARM.ActiveCfg = Debug|ARM
		{4DA67C0C-20DF-4FB7-A87C-E855FA2A3564}.Debug|ARM.Build.0 = Debug|ARM
		{4DA67C0C-20DF-4FB7-A87C-E855FA2A3564}.Debug|ARM.Deploy.0 = Debug|ARM
		{4DA67C0C-20DF-4FB7-A87C-E855FA2A3564}.Debug|iPhone.ActiveCfg = Debug|x86
		{4DA67C0C-20DF-4FB7-A87C-E855FA2A3564}.Debug|iPhoneSimulator.ActiveCfg = Debug|x86
		{4DA67C0C-20DF-4FB7-A87C-E855FA2A3564}.Debug|x64.ActiveCfg = Debug|x64
		{4DA67C0C-20DF-4FB7-A87C-E855FA2A3564}.Debug|x64.Build.0 = Debug|x64
		{4DA67C0C-20DF-4FB7-A87C-E855FA2A3564}.Debug|x64.Deploy.0 = Debug|x64
		{4DA67C0C-20DF-4FB7-A87C-E855FA2A3564}.Debug|x86.ActiveCfg = Debug|x86
		{4DA67C0C-20DF-4FB7-A87C-E855FA2A3564}.Debug|x86.Build.0 = Debug|x86
		{4DA67C0C-20DF-4FB7-A87C-E855FA2A3564}.Debug|x86.Deploy.0 = Debug|x86
		{4DA67C0C-20DF-4FB7-A87C-E855FA2A3564}.Release|Any CPU.ActiveCfg = Release|x86
		{4DA67C0C-20DF-4FB7-A87C-E855FA2A3564}.Release|ARM.ActiveCfg = Release|ARM
		{4DA67C0C-20DF-4FB7-A87C-E855FA2A3564}.Release|ARM.Build.0 = Release|ARM
		{4DA67C0C-20DF-4FB7-A87C-E855FA2A3564}.Release|ARM.Deploy.0 = Release|ARM
		{4DA67C0C-20DF-4FB7-A87C-E855FA2A3564}.Release|iPhone.ActiveCfg = Release|x86
		{4DA67C0C-20DF-4FB7-A87C-E855FA2A3564}.Release|iPhoneSimulator.ActiveCfg = Release|x86
		{4DA67C0C-20DF-4FB7-A87C-E855FA2A3564}.Release|x64.ActiveCfg = Release|x64
		{4DA67C0C-20DF-4FB7-A87C-E855FA2A3564}.Release|x64.Build.0 = Release|x64
		{4DA67C0C-20DF-4FB7-A87C-E855FA2A3564}.Release|x64.Deploy.0 = Release|x64
		{4DA67C0C-20DF-4FB7-A87C-E855FA2A3564}.Release|x86.ActiveCfg = Release|x86
		{4DA67C0C-20DF-4FB7-A87C-E855FA2A3564}.Release|x86.Build.0 = Release|x86
		{4DA67C0C-20DF-4FB7-A87C-E855FA2A3564}.Release|x86.Deploy.0 = Release|x86
		{54413DB9-102B-4ACA-A004-70637121F7EE}.Ad-Hoc|Any CPU.ActiveCfg = Ad-Hoc|iPhoneSimulator
		{54413DB9-102B-4ACA-A004-70637121F7EE}.Ad-Hoc|ARM.ActiveCfg = Ad-Hoc|iPhone
		{54413DB9-102B-4ACA-A004-70637121F7EE}.Ad-Hoc|iPhone.ActiveCfg = Ad-Hoc|iPhone
		{54413DB9-102B-4ACA-A004-70637121F7EE}.Ad-Hoc|iPhone.Build.0 = Ad-Hoc|iPhone
		{54413DB9-102B-4ACA-A004-70637121F7EE}.Ad-Hoc|iPhoneSimulator.ActiveCfg = Ad-Hoc|iPhoneSimulator
		{54413DB9-102B-4ACA-A004-70637121F7EE}.Ad-Hoc|iPhoneSimulator.Build.0 = Ad-Hoc|iPhoneSimulator
		{54413DB9-102B-4ACA-A004-70637121F7EE}.Ad-Hoc|x64.ActiveCfg = Ad-Hoc|iPhone
		{54413DB9-102B-4ACA-A004-70637121F7EE}.Ad-Hoc|x86.ActiveCfg = Ad-Hoc|iPhone
		{54413DB9-102B-4ACA-A004-70637121F7EE}.AppStore|Any CPU.ActiveCfg = AppStore|iPhoneSimulator
		{54413DB9-102B-4ACA-A004-70637121F7EE}.AppStore|ARM.ActiveCfg = AppStore|iPhone
		{54413DB9-102B-4ACA-A004-70637121F7EE}.AppStore|iPhone.ActiveCfg = AppStore|iPhone
		{54413DB9-102B-4ACA-A004-70637121F7EE}.AppStore|iPhone.Build.0 = AppStore|iPhone
		{54413DB9-102B-4ACA-A004-70637121F7EE}.AppStore|iPhoneSimulator.ActiveCfg = AppStore|iPhoneSimulator
		{54413DB9-102B-4ACA-A004-70637121F7EE}.AppStore|iPhoneSimulator.Build.0 = AppStore|iPhoneSimulator
		{54413DB9-102B-4ACA-A004-70637121F7EE}.AppStore|x64.ActiveCfg = AppStore|iPhone
		{54413DB9-102B-4ACA-A004-70637121F7EE}.AppStore|x86.ActiveCfg = AppStore|iPhone
		{54413DB9-102B-4ACA-A004-70637121F7EE}.Debug|Any CPU.ActiveCfg = Debug|iPhoneSimulator
		{54413DB9-102B-4ACA-A004-70637121F7EE}.Debug|ARM.ActiveCfg = Debug|iPhone
		{54413DB9-102B-4ACA-A004-70637121F7EE}.Debug|iPhone.ActiveCfg = Debug|iPhone
		{54413DB9-102B-4ACA-A004-70637121F7EE}.Debug|iPhone.Build.0 = Debug|iPhone
		{54413DB9-102B-4ACA-A004-70637121F7EE}.Debug|iPhoneSimulator.ActiveCfg = Debug|iPhoneSimulator
		{54413DB9-102B-4ACA-A004-70637121F7EE}.Debug|iPhoneSimulator.Build.0 = Debug|iPhoneSimulator
		{54413DB9-102B-4ACA-A004-70637121F7EE}.Debug|x64.ActiveCfg = Debug|iPhone
		{54413DB9-102B-4ACA-A004-70637121F7EE}.Debug|x86.ActiveCfg = Debug|iPhone
		{54413DB9-102B-4ACA-A004-70637121F7EE}.Release|Any CPU.ActiveCfg = Release|iPhoneSimulator
		{54413DB9-102B-4ACA-A004-70637121F7EE}.Release|ARM.ActiveCfg = Release|iPhone
		{54413DB9-102B-4ACA-A004-70637121F7EE}.Release|iPhone.ActiveCfg = Release|iPhone
		{54413DB9-102B-4ACA-A004-70637121F7EE}.Release|iPhone.Build.0 = Release|iPhone
		{54413DB9-102B-4ACA-A004-70637121F7EE}.Release|iPhoneSimulator.ActiveCfg = Release|iPhoneSimulator
		{54413DB9-102B-4ACA-A004-70637121F7EE}.Release|iPhoneSimulator.Build.0 = Release|iPhoneSimulator
		{54413DB9-102B-4ACA-A004-70637121F7EE}.Release|x64.ActiveCfg = Release|iPhone
		{54413DB9-102B-4ACA-A004-70637121F7EE}.Release|x86.ActiveCfg = Release|iPhone
	EndGlobalSection
	GlobalSection(SolutionProperties) = preSolution
		HideSolutionNode = FALSE
	EndGlobalSection
	GlobalSection(ExtensibilityGlobals) = postSolution
		SolutionGuid = {400F8524-D2D1-41CF-A171-E027CD5FBB6E}
	EndGlobalSection
EndGlobal
